
Microsoft Visual Studio Solution File, Format Version 11.00
# Visual Studio 2010
Project("{FAE04EC0-301F-11D3-BF4B-00C04F79EFBC}") = "OpAritmeticos", "OpAritmeticos\OpAritmeticos.csproj", "{CDB3768C-AB20-44B3-A88D-C27E48F4A40A}"
EndProject
Global
	GlobalSection(SolutionConfigurationPlatforms) = preSolution
		Debug|x86 = Debug|x86
		Release|x86 = Release|x86
	EndGlobalSection
	GlobalSection(ProjectConfigurationPlatforms) = postSolution
		{CDB3768C-AB20-44B3-A88D-C27E48F4A40A}.Debug|x86.ActiveCfg = Debug|x86
		{CDB3768C-AB20-44B3-A88D-C27E48F4A40A}.Debug|x86.Build.0 = Debug|x86
		{CDB3768C-AB20-44B3-A88D-C27E48F4A40A}.Release|x86.ActiveCfg = Release|x86
		{CDB3768C-AB20-44B3-A88D-C27E48F4A40A}.Release|x86.Build.0 = Release|x86
	EndGlobalSection
	GlobalSection(SolutionProperties) = preSolution
		HideSolutionNode = FALSE
	EndGlobalSection
EndGlobal
